github.com/13283339616/balance v1.0.1 h1:znsG+SUwb5xkudCL9iIMLioq958pGlQSV7ggW3HiCH0=
github.com/13283339616/balance v1.0.1/go.mod h1:EOxqyLEcimCcoDQEiauS53PmOvO4pNNcFdeCzUI5S04=
github.com/13283339616/http v1.0.6 h1:szOmo0vE4KhJO47qqbXr7pkP8nIEj0GCVyeFqzR89lU=
github.com/13283339616/http v1.0.6/go.mod h1:anyBz7nZMs6SUP1ZRKIPCyWB1mHd2Bar1Lbw7LejWDY=
