github.com/13283339616/http v1.0.1 h1:587DV3begwcXIjAQDkBiJIRl2xIhahVHBlqO2Gly2x0=
github.com/13283339616/http v1.0.1/go.mod h1:anyBz7nZMs6SUP1ZRKIPCyWB1mHd2Bar1Lbw7LejWDY=
github.com/13283339616/http v1.0.2 h1:6WsTikDiH/xgAkbo6l5Bq+/2nQImMCtvb7qPYDg+bWM=
github.com/13283339616/http v1.0.2/go.mod h1:anyBz7nZMs6SUP1ZRKIPCyWB1mHd2Bar1Lbw7LejWDY=
github.com/13283339616/http v1.0.3 h1:ZIuB6iPNFPgG4tcnB7MB9VtglqttDT1lorn7Yv3K6RY=
github.com/13283339616/http v1.0.3/go.mod h1:anyBz7nZMs6SUP1ZRKIPCyWB1mHd2Bar1Lbw7LejWDY=
github.com/13283339616/http v1.0.4 h1:WCryHWjsXQusU1lAMstBZ7fgwenpl9e9WugLutrbYhM=
github.com/13283339616/http v1.0.4/go.mod h1:anyBz7nZMs6SUP1ZRKIPCyWB1mHd2Bar1Lbw7LejWDY=
